
Microsoft Visual Studio Solution File, Format Version 11.00
# Visual Studio 2010
Project("{FAE04EC0-301F-11D3-BF4B-00C04F79EFBC}") = "SubSonic.ServiceBase", "SubSonic.ServiceBAse\SubSonic.ServiceBase.csproj", "{29216F68-DF3E-45C9-86A4-2FF2162F2892}"
EndProject
Project("{FAE04EC0-301F-11D3-BF4B-00C04F79EFBC}") = "ExampleSite", "ExampleSite\ExampleSite\ExampleSite.csproj", "{1C223118-11F1-4499-8A81-60B6FA5D374D}"
EndProject
Project("{FAE04EC0-301F-11D3-BF4B-00C04F79EFBC}") = "ExampleSite.Tests", "ExampleSite\ExampleSite.Tests\ExampleSite.Tests.csproj", "{97DAB1B8-9EEF-40A5-963E-9C37F0A553AA}"
EndProject
Project("{FAE04EC0-301F-11D3-BF4B-00C04F79EFBC}") = "Subsonic.ServiceBase.Tests", "Subsonic.ServiceBase.Tests\Subsonic.ServiceBase.Tests.csproj", "{DB07CF63-D0CD-4A68-AF71-F80B0C0BCD9A}"
EndProject
Global
	GlobalSection(SolutionConfigurationPlatforms) = preSolution
		Debug|Any CPU = Debug|Any CPU
		Release|Any CPU = Release|Any CPU
	EndGlobalSection
	GlobalSection(ProjectConfigurationPlatforms) = postSolution
		{29216F68-DF3E-45C9-86A4-2FF2162F2892}.Debug|Any CPU.ActiveCfg = Debug|Any CPU
		{29216F68-DF3E-45C9-86A4-2FF2162F2892}.Debug|Any CPU.Build.0 = Debug|Any CPU
		{29216F68-DF3E-45C9-86A4-2FF2162F2892}.Release|Any CPU.ActiveCfg = Release|Any CPU
		{29216F68-DF3E-45C9-86A4-2FF2162F2892}.Release|Any CPU.Build.0 = Release|Any CPU
		{1C223118-11F1-4499-8A81-60B6FA5D374D}.Debug|Any CPU.ActiveCfg = Debug|Any CPU
		{1C223118-11F1-4499-8A81-60B6FA5D374D}.Debug|Any CPU.Build.0 = Debug|Any CPU
		{1C223118-11F1-4499-8A81-60B6FA5D374D}.Release|Any CPU.ActiveCfg = Release|Any CPU
		{1C223118-11F1-4499-8A81-60B6FA5D374D}.Release|Any CPU.Build.0 = Release|Any CPU
		{97DAB1B8-9EEF-40A5-963E-9C37F0A553AA}.Debug|Any CPU.ActiveCfg = Debug|Any CPU
		{97DAB1B8-9EEF-40A5-963E-9C37F0A553AA}.Debug|Any CPU.Build.0 = Debug|Any CPU
		{97DAB1B8-9EEF-40A5-963E-9C37F0A553AA}.Release|Any CPU.ActiveCfg = Release|Any CPU
		{97DAB1B8-9EEF-40A5-963E-9C37F0A553AA}.Release|Any CPU.Build.0 = Release|Any CPU
		{DB07CF63-D0CD-4A68-AF71-F80B0C0BCD9A}.Debug|Any CPU.ActiveCfg = Debug|Any CPU
		{DB07CF63-D0CD-4A68-AF71-F80B0C0BCD9A}.Debug|Any CPU.Build.0 = Debug|Any CPU
		{DB07CF63-D0CD-4A68-AF71-F80B0C0BCD9A}.Release|Any CPU.ActiveCfg = Release|Any CPU
		{DB07CF63-D0CD-4A68-AF71-F80B0C0BCD9A}.Release|Any CPU.Build.0 = Release|Any CPU
	EndGlobalSection
	GlobalSection(SolutionProperties) = preSolution
		HideSolutionNode = FALSE
	EndGlobalSection
EndGlobal
